// !$*UTF8*$!
{
	archiveVersion = 1;
	classes = {
	};
	objectVersion = 51;
	objects = {

/* Begin PBXBuildFile section */
		056542A425B4500D00C22A0D /* AppDelegate.swift in Sources */ = {isa = PBXBuildFile; fileRef = 056542A325B4500D00C22A0D /* AppDelegate.swift */; };
		056542A625B4500D00C22A0D /* SceneDelegate.swift in Sources */ = {isa = PBXBuildFile; fileRef = 056542A525B4500D00C22A0D /* SceneDelegate.swift */; };
		056542A825B4500D00C22A0D /* TicTacToeViewController.swift in Sources */ = {isa = PBXBuildFile; fileRef = 056542A725B4500D00C22A0D /* TicTacToeViewController.swift */; };
		056542AB25B4500D00C22A0D /* Main.storyboard in Resources */ = {isa = PBXBuildFile; fileRef = 056542A925B4500D00C22A0D /* Main.storyboard */; };
		056542AD25B4500E00C22A0D /* Assets.xcassets in Resources */ = {isa = PBXBuildFile; fileRef = 056542AC25B4500E00C22A0D /* Assets.xcassets */; };
		056542B025B4500E00C22A0D /* LaunchScreen.storyboard in Resources */ = {isa = PBXBuildFile; fileRef = 056542AE25B4500E00C22A0D /* LaunchScreen.storyboard */; };
		056542BB25B4570F00C22A0D /* TicTacToeModel.swift in Sources */ = {isa = PBXBuildFile; fileRef = 056542BA25B4570F00C22A0D /* TicTacToeModel.swift */; };
		05D6B37D25C03CB200458B32 /* robot.json in Resources */ = {isa = PBXBuildFile; fileRef = 05D6B37B25C03CB200458B32 /* robot.json */; };
		05D6B37E25C03CB200458B32 /* person.json in Resources */ = {isa = PBXBuildFile; fileRef = 05D6B37C25C03CB200458B32 /* person.json */; };
		05D6B38225C0424C00458B32 /* leadership.json in Resources */ = {isa = PBXBuildFile; fileRef = 05D6B38025C0424C00458B32 /* leadership.json */; };
		05D6B38325C0424C00458B32 /* sparta.json in Resources */ = {isa = PBXBuildFile; fileRef = 05D6B38125C0424C00458B32 /* sparta.json */; };
		05D6B38625C04E7800458B32 /* sparta2.json in Resources */ = {isa = PBXBuildFile; fileRef = 05D6B38525C04E7800458B32 /* sparta2.json */; };
		05E63F3325C037470014C597 /* 40836-winner.json in Resources */ = {isa = PBXBuildFile; fileRef = 05E63F3125C037470014C597 /* 40836-winner.json */; };
		05E63F3425C037470014C597 /* x-to-check-mark.json in Resources */ = {isa = PBXBuildFile; fileRef = 05E63F3225C037470014C597 /* x-to-check-mark.json */; };
		E445E2A9DD059D9F94D7A7AD /* Pods_TicTacToe_AI.framework in Frameworks */ = {isa = PBXBuildFile; fileRef = 6707557513120BCD50F8FB44 /* Pods_TicTacToe_AI.framework */; };
/* End PBXBuildFile section */

/* Begin PBXFileReference section */
		056542A025B4500D00C22A0D /* TicTacToe_AI.app */ = {isa = PBXFileReference; explicitFileType = wrapper.application; includeInIndex = 0; path = TicTacToe_AI.app; sourceTree = BUILT_PRODUCTS_DIR; };
		056542A325B4500D00C22A0D /* AppDelegate.swift */ = {isa = PBXFileReference; lastKnownFileType = sourcecode.swift; path = AppDelegate.swift; sourceTree = "<group>"; };
		056542A525B4500D00C22A0D /* SceneDelegate.swift */ = {isa = PBXFileReference; lastKnownFileType = sourcecode.swift; path = SceneDelegate.swift; sourceTree = "<group>"; };
		056542A725B4500D00C22A0D /* TicTacToeViewController.swift */ = {isa = PBXFileReference; lastKnownFileType = sourcecode.swift; path = TicTacToeViewController.swift; sourceTree = "<group>"; };
		056542AA25B4500D00C22A0D /* Base */ = {isa = PBXFileReference; lastKnownFileType = file.storyboard; name = Base; path = Base.lproj/Main.storyboard; sourceTree = "<group>"; };
		056542AC25B4500E00C22A0D /* Assets.xcassets */ = {isa = PBXFileReference; lastKnownFileType = folder.assetcatalog; path = Assets.xcassets; sourceTree = "<group>"; };
		056542AF25B4500E00C22A0D /* Base */ = {isa = PBXFileReference; lastKnownFileType = file.storyboard; name = Base; path = Base.lproj/LaunchScreen.storyboard; sourceTree = "<group>"; };
		056542B125B4500E00C22A0D /* Info.plist */ = {isa = PBXFileReference; lastKnownFileType = text.plist.xml; path = Info.plist; sourceTree = "<group>"; };
		056542BA25B4570F00C22A0D /* TicTacToeModel.swift */ = {isa = PBXFileReference; lastKnownFileType = sourcecode.swift; path = TicTacToeModel.swift; sourceTree = "<group>"; };
		05D6B37B25C03CB200458B32 /* robot.json */ = {isa = PBXFileReference; fileEncoding = 4; lastKnownFileType = text.json; path = robot.json; sourceTree = "<group>"; };
		05D6B37C25C03CB200458B32 /* person.json */ = {isa = PBXFileReference; fileEncoding = 4; lastKnownFileType = text.json; path = person.json; sourceTree = "<group>"; };
		05D6B38025C0424C00458B32 /* leadership.json */ = {isa = PBXFileReference; fileEncoding = 4; lastKnownFileType = text.json; path = leadership.json; sourceTree = "<group>"; };
		05D6B38125C0424C00458B32 /* sparta.json */ = {isa = PBXFileReference; fileEncoding = 4; lastKnownFileType = text.json; path = sparta.json; sourceTree = "<group>"; };
		05D6B38525C04E7800458B32 /* sparta2.json */ = {isa = PBXFileReference; fileEncoding = 4; lastKnownFileType = text.json; path = sparta2.json; sourceTree = "<group>"; };
		05E63F3125C037470014C597 /* 40836-winner.json */ = {isa = PBXFileReference; fileEncoding = 4; lastKnownFileType = text.json; path = "40836-winner.json"; sourceTree = "<group>"; };
		05E63F3225C037470014C597 /* x-to-check-mark.json */ = {isa = PBXFileReference; fileEncoding = 4; lastKnownFileType = text.json; path = "x-to-check-mark.json"; sourceTree = "<group>"; };
		1D29AC0D1214A3E603D4606D /* Pods-TicTacToe_AI.debug.xcconfig */ = {isa = PBXFileReference; includeInIndex = 1; lastKnownFileType = text.xcconfig; name = "Pods-TicTacToe_AI.debug.xcconfig"; path = "Target Support Files/Pods-TicTacToe_AI/Pods-TicTacToe_AI.debug.xcconfig"; sourceTree = "<group>"; };
		55A0824ABFF95F5562BFA403 /* Pods-TicTacToe_AI.release.xcconfig */ = {isa = PBXFileReference; includeInIndex = 1; lastKnownFileType = text.xcconfig; name = "Pods-TicTacToe_AI.release.xcconfig"; path = "Target Support Files/Pods-TicTacToe_AI/Pods-TicTacToe_AI.release.xcconfig"; sourceTree = "<group>"; };
		6707557513120BCD50F8FB44 /* Pods_TicTacToe_AI.framework */ = {isa = PBXFileReference; explicitFileType = wrapper.framework; includeInIndex = 0; path = Pods_TicTacToe_AI.framework; sourceTree = BUILT_PRODUCTS_DIR; };
/* End PBXFileReference section */

/* Begin PBXFrameworksBuildPhase section */
		0565429D25B4500D00C22A0D /* Frameworks */ = {
			isa = PBXFrameworksBuildPhase;
			buildActionMask = 2147483647;
			files = (
				E445E2A9DD059D9F94D7A7AD /* Pods_TicTacToe_AI.framework in Frameworks */,
			);
			runOnlyForDeploymentPostprocessing = 0;
		};
/* End PBXFrameworksBuildPhase section */

/* Begin PBXGroup section */
		0565429725B4500D00C22A0D = {
			isa = PBXGroup;
			children = (
				056542A225B4500D00C22A0D /* TicTacToe_AI */,
				056542A125B4500D00C22A0D /* Products */,
				FB2F24ABA4C7CC79F16F71B2 /* Pods */,
				1A93CF1F04C53C4C07DF2D80 /* Frameworks */,
			);
			sourceTree = "<group>";
		};
		056542A125B4500D00C22A0D /* Products */ = {
			isa = PBXGroup;
			children = (
				056542A025B4500D00C22A0D /* TicTacToe_AI.app */,
			);
			name = Products;
			sourceTree = "<group>";
		};
		056542A225B4500D00C22A0D /* TicTacToe_AI */ = {
			isa = PBXGroup;
			children = (
				05D6B37925C037B400458B32 /* animation */,
				056542A325B4500D00C22A0D /* AppDelegate.swift */,
				056542A525B4500D00C22A0D /* SceneDelegate.swift */,
				056542A725B4500D00C22A0D /* TicTacToeViewController.swift */,
				056542BA25B4570F00C22A0D /* TicTacToeModel.swift */,
				056542A925B4500D00C22A0D /* Main.storyboard */,
				056542AC25B4500E00C22A0D /* Assets.xcassets */,
				056542AE25B4500E00C22A0D /* LaunchScreen.storyboard */,
				056542B125B4500E00C22A0D /* Info.plist */,
			);
			path = TicTacToe_AI;
			sourceTree = "<group>";
		};
		05D6B37925C037B400458B32 /* animation */ = {
			isa = PBXGroup;
			children = (
				05D6B38525C04E7800458B32 /* sparta2.json */,
				05D6B38025C0424C00458B32 /* leadership.json */,
				05D6B38125C0424C00458B32 /* sparta.json */,
				05E63F3125C037470014C597 /* 40836-winner.json */,
				05E63F3225C037470014C597 /* x-to-check-mark.json */,
				05D6B37C25C03CB200458B32 /* person.json */,
				05D6B37B25C03CB200458B32 /* robot.json */,
			);
			path = animation;
			sourceTree = "<group>";
		};
		1A93CF1F04C53C4C07DF2D80 /* Frameworks */ = {
			isa = PBXGroup;
			children = (
				6707557513120BCD50F8FB44 /* Pods_TicTacToe_AI.framework */,
			);
			name = Frameworks;
			sourceTree = "<group>";
		};
		FB2F24ABA4C7CC79F16F71B2 /* Pods */ = {
			isa = PBXGroup;
			children = (
				1D29AC0D1214A3E603D4606D /* Pods-TicTacToe_AI.debug.xcconfig */,
				55A0824ABFF95F5562BFA403 /* Pods-TicTacToe_AI.release.xcconfig */,
			);
			path = Pods;
			sourceTree = "<group>";
		};
/* End PBXGroup section */

/* Begin PBXNativeTarget section */
		0565429F25B4500D00C22A0D /* TicTacToe_AI */ = {
			isa = PBXNativeTarget;
			buildConfigurationList = 056542B425B4500E00C22A0D /* Build configuration list for PBXNativeTarget "TicTacToe_AI" */;
			buildPhases = (
				466B46DD2531588C84D85357 /* [CP] Check Pods Manifest.lock */,
				0565429C25B4500D00C22A0D /* Sources */,
				0565429D25B4500D00C22A0D /* Frameworks */,
				0565429E25B4500D00C22A0D /* Resources */,
				69C30A02F4D551E4A54E16EC /* [CP] Embed Pods Frameworks */,
			);
			buildRules = (
			);
			dependencies = (
			);
			name = TicTacToe_AI;
			productName = TicTacToe_AI;
			productReference = 056542A025B4500D00C22A0D /* TicTacToe_AI.app */;
			productType = "com.apple.product-type.application";
		};
/* End PBXNativeTarget section */

/* Begin PBXProject section */
		0565429825B4500D00C22A0D /* Project object */ = {
			isa = PBXProject;
			attributes = {
				LastSwiftUpdateCheck = 1220;
				LastUpgradeCheck = 1220;
				TargetAttributes = {
					0565429F25B4500D00C22A0D = {
						CreatedOnToolsVersion = 12.2;
					};
				};
			};
			buildConfigurationList = 0565429B25B4500D00C22A0D /* Build configuration list for PBXProject "TicTacToe_AI" */;
			compatibilityVersion = "Xcode 9.3";
			developmentRegion = en;
			hasScannedForEncodings = 0;
			knownRegions = (
				en,
				Base,
			);
			mainGroup = 0565429725B4500D00C22A0D;
			productRefGroup = 056542A125B4500D00C22A0D /* Products */;
			projectDirPath = "";
			projectRoot = "";
			targets = (
				0565429F25B4500D00C22A0D /* TicTacToe_AI */,
			);
		};
/* End PBXProject section */

/* Begin PBXResourcesBuildPhase section */
		0565429E25B4500D00C22A0D /* Resources */ = {
			isa = PBXResourcesBuildPhase;
			buildActionMask = 2147483647;
			files = (
				05D6B38225C0424C00458B32 /* leadership.json in Resources */,
				056542B025B4500E00C22A0D /* LaunchScreen.storyboard in Resources */,
				056542AD25B4500E00C22A0D /* Assets.xcassets in Resources */,
				05D6B37E25C03CB200458B32 /* person.json in Resources */,
				05D6B38325C0424C00458B32 /* sparta.json in Resources */,
				05E63F3425C037470014C597 /* x-to-check-mark.json in Resources */,
				05E63F3325C037470014C597 /* 40836-winner.json in Resources */,
				05D6B37D25C03CB200458B32 /* robot.json in Resources */,
				056542AB25B4500D00C22A0D /* Main.storyboard in Resources */,
				05D6B38625C04E7800458B32 /* sparta2.json in Resources */,
			);
			runOnlyForDeploymentPostprocessing = 0;
		};
/* End PBXResourcesBuildPhase section */

/* Begin PBXShellScriptBuildPhase section */
		466B46DD2531588C84D85357 /* [CP] Check Pods Manifest.lock */ = {
			isa = PBXShellScriptBuildPhase;
			buildActionMask = 2147483647;
			files = (
			);
			inputFileListPaths = (
			);
			inputPaths = (
				"${PODS_PODFILE_DIR_PATH}/Podfile.lock",
				"${PODS_ROOT}/Manifest.lock",
			);
			name = "[CP] Check Pods Manifest.lock";
			outputFileListPaths = (
			);
			outputPaths = (
				"$(DERIVED_FILE_DIR)/Pods-TicTacToe_AI-checkManifestLockResult.txt",
			);
			runOnlyForDeploymentPostprocessing = 0;
			shellPath = /bin/sh;
			shellScript = "diff \"${PODS_PODFILE_DIR_PATH}/Podfile.lock\" \"${PODS_ROOT}/Manifest.lock\" > /dev/null\nif [ $? != 0 ] ; then\n    # print error to STDERR\n    echo \"error: The sandbox is not in sync with the Podfile.lock. Run 'pod install' or update your CocoaPods installation.\" >&2\n    exit 1\nfi\n# This output is used by Xcode 'outputs' to avoid re-running this script phase.\necho \"SUCCESS\" > \"${SCRIPT_OUTPUT_FILE_0}\"\n";
			showEnvVarsInLog = 0;
		};
		69C30A02F4D551E4A54E16EC /* [CP] Embed Pods Frameworks */ = {
			isa = PBXShellScriptBuildPhase;
			buildActionMask = 2147483647;
			files = (
			);
			inputFileListPaths = (
				"${PODS_ROOT}/Target Support Files/Pods-TicTacToe_AI/Pods-TicTacToe_AI-frameworks-${CONFIGURATION}-input-files.xcfilelist",
			);
			name = "[CP] Embed Pods Frameworks";
			outputFileListPaths = (
				"${PODS_ROOT}/Target Support Files/Pods-TicTacToe_AI/Pods-TicTacToe_AI-frameworks-${CONFIGURATION}-output-files.xcfilelist",
			);
			runOnlyForDeploymentPostprocessing = 0;
			shellPath = /bin/sh;
			shellScript = "\"${PODS_ROOT}/Target Support Files/Pods-TicTacToe_AI/Pods-TicTacToe_AI-frameworks.sh\"\n";
			showEnvVarsInLog = 0;
		};
/* End PBXShellScriptBuildPhase section */

/* Begin PBXSourcesBuildPhase section */
		0565429C25B4500D00C22A0D /* Sources */ = {
			isa = PBXSourcesBuildPhase;
			buildActionMask = 2147483647;
			files = (
				056542BB25B4570F00C22A0D /* TicTacToeModel.swift in Sources */,
				056542A825B4500D00C22A0D /* TicTacToeViewController.swift in Sources */,
				056542A425B4500D00C22A0D /* AppDelegate.swift in Sources */,
				056542A625B4500D00C22A0D /* SceneDelegate.swift in Sources */,
			);
			runOnlyForDeploymentPostprocessing = 0;
		};
/* End PBXSourcesBuildPhase section */

/* Begin PBXVariantGroup section */
		056542A925B4500D00C22A0D /* Main.storyboard */ = {
			isa = PBXVariantGroup;
			children = (
				056542AA25B4500D00C22A0D /* Base */,
			);
			name = Main.storyboard;
			sourceTree = "<group>";
		};
		056542AE25B4500E00C22A0D /* LaunchScreen.storyboard */ = {
			isa = PBXVariantGroup;
			children = (
				056542AF25B4500E00C22A0D /* Base */,
			);
			name = LaunchScreen.storyboard;
			sourceTree = "<group>";
		};
/* End PBXVariantGroup section */

/* Begin XCBuildConfiguration section */
		056542B225B4500E00C22A0D /* Debug */ = {
			isa = XCBuildConfiguration;
			buildSettings = {
				ALWAYS_SEARCH_USER_PATHS = NO;
				CLANG_ANALYZER_NONNULL = YES;
				CLANG_ANALYZER_NUMBER_OBJECT_CONVERSION = YES_AGGRESSIVE;
				CLANG_CXX_LANGUAGE_STANDARD = "gnu++14";
				CLANG_CXX_LIBRARY = "libc++";
				CLANG_ENABLE_MODULES = YES;
				CLANG_ENABLE_OBJC_ARC = YES;
				CLANG_ENABLE_OBJC_WEAK = YES;
				CLANG_WARN_BLOCK_CAPTURE_AUTORELEASING = YES;
				CLANG_WARN_BOOL_CONVERSION = YES;
				CLANG_WARN_COMMA = YES;
				CLANG_WARN_CONSTANT_CONVERSION = YES;
				CLANG_WARN_DEPRECATED_OBJC_IMPLEMENTATIONS = YES;
				CLANG_WARN_DIRECT_OBJC_ISA_USAGE = YES_ERROR;
				CLANG_WARN_DOCUMENTATION_COMMENTS = YES;
				CLANG_WARN_EMPTY_BODY = YES;
				CLANG_WARN_ENUM_CONVERSION = YES;
				CLANG_WARN_INFINITE_RECURSION = YES;
				CLANG_WARN_INT_CONVERSION = YES;
				CLANG_WARN_NON_LITERAL_NULL_CONVERSION = YES;
				CLANG_WARN_OBJC_IMPLICIT_RETAIN_SELF = YES;
				CLANG_WARN_OBJC_LITERAL_CONVERSION = YES;
				CLANG_WARN_OBJC_ROOT_CLASS = YES_ERROR;
				CLANG_WARN_QUOTED_INCLUDE_IN_FRAMEWORK_HEADER = YES;
				CLANG_WARN_RANGE_LOOP_ANALYSIS = YES;
				CLANG_WARN_STRICT_PROTOTYPES = YES;
				CLANG_WARN_SUSPICIOUS_MOVE = YES;
				CLANG_WARN_UNGUARDED_AVAILABILITY = YES_AGGRESSIVE;
				CLANG_WARN_UNREACHABLE_CODE = YES;
				CLANG_WARN__DUPLICATE_METHOD_MATCH = YES;
				COPY_PHASE_STRIP = NO;
				DEBUG_INFORMATION_FORMAT = dwarf;
				ENABLE_STRICT_OBJC_MSGSEND = YES;
				ENABLE_TESTABILITY = YES;
				GCC_C_LANGUAGE_STANDARD = gnu11;
				GCC_DYNAMIC_NO_PIC = NO;
				GCC_NO_COMMON_BLOCKS = YES;
				GCC_OPTIMIZATION_LEVEL = 0;
				GCC_PREPROCESSOR_DEFINITIONS = (
					"DEBUG=1",
					"$(inherited)",
				);
				GCC_WARN_64_TO_32_BIT_CONVERSION = YES;
				GCC_WARN_ABOUT_RETURN_TYPE = YES_ERROR;
				GCC_WARN_UNDECLARED_SELECTOR = YES;
				GCC_WARN_UNINITIALIZED_AUTOS = YES_AGGRESSIVE;
				GCC_WARN_UNUSED_FUNCTION = YES;
				GCC_WARN_UNUSED_VARIABLE = YES;
				IPHONEOS_DEPLOYMENT_TARGET = 14.2;
				MTL_ENABLE_DEBUG_INFO = INCLUDE_SOURCE;
				MTL_FAST_MATH = YES;
				ONLY_ACTIVE_ARCH = YES;
				SDKROOT = iphoneos;
				SWIFT_ACTIVE_COMPILATION_CONDITIONS = DEBUG;
				SWIFT_OPTIMIZATION_LEVEL = "-Onone";
			};
			name = Debug;
		};
		056542B325B4500E00C22A0D /* Release */ = {
			isa = XCBuildConfiguration;
			buildSettings = {
				ALWAYS_SEARCH_USER_PATHS = NO;
				CLANG_ANALYZER_NONNULL = YES;
				CLANG_ANALYZER_NUMBER_OBJECT_CONVERSION = YES_AGGRESSIVE;
				CLANG_CXX_LANGUAGE_STANDARD = "gnu++14";
				CLANG_CXX_LIBRARY = "libc++";
				CLANG_ENABLE_MODULES = YES;
				CLANG_ENABLE_OBJC_ARC = YES;
				CLANG_ENABLE_OBJC_WEAK = YES;
				CLANG_WARN_BLOCK_CAPTURE_AUTORELEASING = YES;
				CLANG_WARN_BOOL_CONVERSION = YES;
				CLANG_WARN_COMMA = YES;
				CLANG_WARN_CONSTANT_CONVERSION = YES;
				CLANG_WARN_DEPRECATED_OBJC_IMPLEMENTATIONS = YES;
				CLANG_WARN_DIRECT_OBJC_ISA_USAGE = YES_ERROR;
				CLANG_WARN_DOCUMENTATION_COMMENTS = YES;
				CLANG_WARN_EMPTY_BODY = YES;
				CLANG_WARN_ENUM_CONVERSION = YES;
				CLANG_WARN_INFINITE_RECURSION = YES;
				CLANG_WARN_INT_CONVERSION = YES;
				CLANG_WARN_NON_LITERAL_NULL_CONVERSION = YES;
				CLANG_WARN_OBJC_IMPLICIT_RETAIN_SELF = YES;
				CLANG_WARN_OBJC_LITERAL_CONVERSION = YES;
				CLANG_WARN_OBJC_ROOT_CLASS = YES_ERROR;
				CLANG_WARN_QUOTED_INCLUDE_IN_FRAMEWORK_HEADER = YES;
				CLANG_WARN_RANGE_LOOP_ANALYSIS = YES;
				CLANG_WARN_STRICT_PROTOTYPES = YES;
				CLANG_WARN_SUSPICIOUS_MOVE = YES;
				CLANG_WARN_UNGUARDED_AVAILABILITY = YES_AGGRESSIVE;
				CLANG_WARN_UNREACHABLE_CODE = YES;
				CLANG_WARN__DUPLICATE_METHOD_MATCH = YES;
				COPY_PHASE_STRIP = NO;
				DEBUG_INFORMATION_FORMAT = "dwarf-with-dsym";
				ENABLE_NS_ASSERTIONS = NO;
				ENABLE_STRICT_OBJC_MSGSEND = YES;
				GCC_C_LANGUAGE_STANDARD = gnu11;
				GCC_NO_COMMON_BLOCKS = YES;
				GCC_WARN_64_TO_32_BIT_CONVERSION = YES;
				GCC_WARN_ABOUT_RETURN_TYPE = YES_ERROR;
				GCC_WARN_UNDECLARED_SELECTOR = YES;
				GCC_WARN_UNINITIALIZED_AUTOS = YES_AGGRESSIVE;
				GCC_WARN_UNUSED_FUNCTION = YES;
				GCC_WARN_UNUSED_VARIABLE = YES;
				IPHONEOS_DEPLOYMENT_TARGET = 14.2;
				MTL_ENABLE_DEBUG_INFO = NO;
				MTL_FAST_MATH = YES;
				SDKROOT = iphoneos;
				SWIFT_COMPILATION_MODE = wholemodule;
				SWIFT_OPTIMIZATION_LEVEL = "-O";
				VALIDATE_PRODUCT = YES;
			};
			name = Release;
		};
		056542B525B4500E00C22A0D /* Debug */ = {
			isa = XCBuildConfiguration;
			baseConfigurationReference = 1D29AC0D1214A3E603D4606D /* Pods-TicTacToe_AI.debug.xcconfig */;
			buildSettings = {
				ASSETCATALOG_COMPILER_APPICON_NAME = AppIcon;
				ASSETCATALOG_COMPILER_GLOBAL_ACCENT_COLOR_NAME = AccentColor;
				CODE_SIGN_STYLE = Automatic;
				INFOPLIST_FILE = TicTacToe_AI/Info.plist;
				LD_RUNPATH_SEARCH_PATHS = (
					"$(inherited)",
					"@executable_path/Frameworks",
				);
				PRODUCT_BUNDLE_IDENTIFIER = "mosaber7.TicTacToe-AI";
				PRODUCT_NAME = "$(TARGET_NAME)";
				SWIFT_VERSION = 5.0;
				TARGETED_DEVICE_FAMILY = "1,2";
			};
			name = Debug;
		};
		056542B625B4500E00C22A0D /* Release */ = {
			isa = XCBuildConfiguration;
			baseConfigurationReference = 55A0824ABFF95F5562BFA403 /* Pods-TicTacToe_AI.release.xcconfig */;
			buildSettings = {
				ASSETCATALOG_COMPILER_APPICON_NAME = AppIcon;
				ASSETCATALOG_COMPILER_GLOBAL_ACCENT_COLOR_NAME = AccentColor;
				CODE_SIGN_STYLE = Automatic;
				INFOPLIST_FILE = TicTacToe_AI/Info.plist;
				LD_RUNPATH_SEARCH_PATHS = (
					"$(inherited)",
					"@executable_path/Frameworks",
				);
				PRODUCT_BUNDLE_IDENTIFIER = "mosaber7.TicTacToe-AI";
				PRODUCT_NAME = "$(TARGET_NAME)";
				SWIFT_VERSION = 5.0;
				TARGETED_DEVICE_FAMILY = "1,2";
			};
			name = Release;
		};
/* End XCBuildConfiguration section */

/* Begin XCConfigurationList section */
		0565429B25B4500D00C22A0D /* Build configuration list for PBXProject "TicTacToe_AI" */ = {
			isa = XCConfigurationList;
			buildConfigurations = (
				056542B225B4500E00C22A0D /* Debug */,
				056542B325B4500E00C22A0D /* Release */,
			);
			defaultConfigurationIsVisible = 0;
			defaultConfigurationName = Release;
		};
		056542B425B4500E00C22A0D /* Build configuration list for PBXNativeTarget "TicTacToe_AI" */ = {
			isa = XCConfigurationList;
			buildConfigurations = (
				056542B525B4500E00C22A0D /* Debug */,
				056542B625B4500E00C22A0D /* Release */,
			);
			defaultConfigurationIsVisible = 0;
			defaultConfigurationName = Release;
		};
/* End XCConfigurationList section */
	};
	rootObject = 0565429825B4500D00C22A0D /* Project object */;
}
